
Microsoft Visual Studio Solution File, Format Version 12.00
# Visual Studio Version 17
VisualStudioVersion = 17.2.32616.157
MinimumVisualStudioVersion = 10.0.40219.1
Project("{FAE04EC0-301F-11D3-BF4B-00C04F79EFBC}") = "BeheerSysteem", "BeheerSysteem\BeheerSysteem.csproj", "{2D509A09-8C4F-44E6-805F-9394D1BDA2CE}"
EndProject
Global
	GlobalSection(SolutionConfigurationPlatforms) = preSolution
		Debug|Any CPU = Debug|Any CPU
		Release|Any CPU = Release|Any CPU
	EndGlobalSection
	GlobalSection(ProjectConfigurationPlatforms) = postSolution
		{2D509A09-8C4F-44E6-805F-9394D1BDA2CE}.Debug|Any CPU.ActiveCfg = Debug|Any CPU
		{2D509A09-8C4F-44E6-805F-9394D1BDA2CE}.Debug|Any CPU.Build.0 = Debug|Any CPU
		{2D509A09-8C4F-44E6-805F-9394D1BDA2CE}.Release|Any CPU.ActiveCfg = Release|Any CPU
		{2D509A09-8C4F-44E6-805F-9394D1BDA2CE}.Release|Any CPU.Build.0 = Release|Any CPU
	EndGlobalSection
	GlobalSection(SolutionProperties) = preSolution
		HideSolutionNode = FALSE
	EndGlobalSection
	GlobalSection(ExtensibilityGlobals) = postSolution
		SolutionGuid = {A9AD468D-E5F6-4012-96DD-384E3A09E7DB}
	EndGlobalSection
EndGlobal
